
Microsoft Visual Studio Solution File, Format Version 12.00
# Visual Studio Version 17
VisualStudioVersion = 17.10.34916.146
MinimumVisualStudioVersion = 10.0.40219.1
Project("{FAE04EC0-301F-11D3-BF4B-00C04F79EFBC}") = "CodeFirstCoches", "CodeFirstCoches\CodeFirstCoches.csproj", "{174B6E61-38A4-4E7B-A52E-2F0A62E18474}"
EndProject
Global
	GlobalSection(SolutionConfigurationPlatforms) = preSolution
		Debug|Any CPU = Debug|Any CPU
		Release|Any CPU = Release|Any CPU
	EndGlobalSection
	GlobalSection(ProjectConfigurationPlatforms) = postSolution
		{174B6E61-38A4-4E7B-A52E-2F0A62E18474}.Debug|Any CPU.ActiveCfg = Debug|Any CPU
		{174B6E61-38A4-4E7B-A52E-2F0A62E18474}.Debug|Any CPU.Build.0 = Debug|Any CPU
		{174B6E61-38A4-4E7B-A52E-2F0A62E18474}.Release|Any CPU.ActiveCfg = Release|Any CPU
		{174B6E61-38A4-4E7B-A52E-2F0A62E18474}.Release|Any CPU.Build.0 = Release|Any CPU
	EndGlobalSection
	GlobalSection(SolutionProperties) = preSolution
		HideSolutionNode = FALSE
	EndGlobalSection
	GlobalSection(ExtensibilityGlobals) = postSolution
		SolutionGuid = {882855BD-EF60-44C0-88D6-FD54C56A0C35}
	EndGlobalSection
EndGlobal
